
Microsoft Visual Studio Solution File, Format Version 12.00
# Visual Studio Version 17
VisualStudioVersion = 17.0.32014.148
MinimumVisualStudioVersion = 10.0.40219.1
Project("{9A19103F-16F7-4668-BE54-9A1E7A4F7556}") = "WorkFlow.Abstractions", "WorkFlow.Abstractions\WorkFlow.Abstractions.csproj", "{DBF77B89-7B0B-4A9E-86FE-5AA70FF95ECE}"
EndProject
Project("{9A19103F-16F7-4668-BE54-9A1E7A4F7556}") = "WorkFlow.Repositories", "WorkFlows\WorkFlow.Repositories.csproj", "{E69A173D-785E-4B27-81D7-51B7DFCAE943}"
EndProject
Global
	GlobalSection(SolutionConfigurationPlatforms) = preSolution
		Debug|Any CPU = Debug|Any CPU
		Release|Any CPU = Release|Any CPU
	EndGlobalSection
	GlobalSection(ProjectConfigurationPlatforms) = postSolution
		{DBF77B89-7B0B-4A9E-86FE-5AA70FF95ECE}.Debug|Any CPU.ActiveCfg = Debug|Any CPU
		{DBF77B89-7B0B-4A9E-86FE-5AA70FF95ECE}.Debug|Any CPU.Build.0 = Debug|Any CPU
		{DBF77B89-7B0B-4A9E-86FE-5AA70FF95ECE}.Release|Any CPU.ActiveCfg = Release|Any CPU
		{DBF77B89-7B0B-4A9E-86FE-5AA70FF95ECE}.Release|Any CPU.Build.0 = Release|Any CPU
		{E69A173D-785E-4B27-81D7-51B7DFCAE943}.Debug|Any CPU.ActiveCfg = Debug|Any CPU
		{E69A173D-785E-4B27-81D7-51B7DFCAE943}.Debug|Any CPU.Build.0 = Debug|Any CPU
		{E69A173D-785E-4B27-81D7-51B7DFCAE943}.Release|Any CPU.ActiveCfg = Release|Any CPU
		{E69A173D-785E-4B27-81D7-51B7DFCAE943}.Release|Any CPU.Build.0 = Release|Any CPU
	EndGlobalSection
	GlobalSection(SolutionProperties) = preSolution
		HideSolutionNode = FALSE
	EndGlobalSection
	GlobalSection(ExtensibilityGlobals) = postSolution
		SolutionGuid = {0F4B16D7-46F5-4EE2-9A97-223386AEA401}
	EndGlobalSection
EndGlobal
